
Microsoft Visual Studio Solution File, Format Version 12.00
# Visual Studio Version 17
VisualStudioVersion = 17.6.33723.286
MinimumVisualStudioVersion = 10.0.40219.1
Project("{FAE04EC0-301F-11D3-BF4B-00C04F79EFBC}") = "GUI", "GUI\GUI.csproj", "{655DB639-0873-4300-83BC-9004E6C18516}"
EndProject
Global
	GlobalSection(SolutionConfigurationPlatforms) = preSolution
		Debug|Any CPU = Debug|Any CPU
		Release|Any CPU = Release|Any CPU
	EndGlobalSection
	GlobalSection(ProjectConfigurationPlatforms) = postSolution
		{655DB639-0873-4300-83BC-9004E6C18516}.Debug|Any CPU.ActiveCfg = Debug|Any CPU
		{655DB639-0873-4300-83BC-9004E6C18516}.Debug|Any CPU.Build.0 = Debug|Any CPU
		{655DB639-0873-4300-83BC-9004E6C18516}.Release|Any CPU.ActiveCfg = Release|Any CPU
		{655DB639-0873-4300-83BC-9004E6C18516}.Release|Any CPU.Build.0 = Release|Any CPU
	EndGlobalSection
	GlobalSection(SolutionProperties) = preSolution
		HideSolutionNode = FALSE
	EndGlobalSection
	GlobalSection(ExtensibilityGlobals) = postSolution
		SolutionGuid = {9DBBDC8E-4CD6-4F06-830B-3A85BC6FA0DC}
	EndGlobalSection
EndGlobal
